
Microsoft Visual Studio Solution File, Format Version 12.00
# Visual Studio Version 16
VisualStudioVersion = 16.0.31026.101
MinimumVisualStudioVersion = 10.0.40219.1
Project("{FAE04EC0-301F-11D3-BF4B-00C04F79EFBC}") = "Sec05.singleton.35", "Sec05\Sec05.singleton.35.csproj", "{DC05FD10-1850-4667-853B-85BA4A5D5C59}"
EndProject
Global
	GlobalSection(SolutionConfigurationPlatforms) = preSolution
		Debug|Any CPU = Debug|Any CPU
		Release|Any CPU = Release|Any CPU
	EndGlobalSection
	GlobalSection(ProjectConfigurationPlatforms) = postSolution
		{DC05FD10-1850-4667-853B-85BA4A5D5C59}.Debug|Any CPU.ActiveCfg = Debug|Any CPU
		{DC05FD10-1850-4667-853B-85BA4A5D5C59}.Debug|Any CPU.Build.0 = Debug|Any CPU
		{DC05FD10-1850-4667-853B-85BA4A5D5C59}.Release|Any CPU.ActiveCfg = Release|Any CPU
		{DC05FD10-1850-4667-853B-85BA4A5D5C59}.Release|Any CPU.Build.0 = Release|Any CPU
	EndGlobalSection
	GlobalSection(SolutionProperties) = preSolution
		HideSolutionNode = FALSE
	EndGlobalSection
	GlobalSection(ExtensibilityGlobals) = postSolution
		SolutionGuid = {837C8E1F-64B9-4DEE-B1EA-271E28AA67B6}
	EndGlobalSection
EndGlobal
