
Microsoft Visual Studio Solution File, Format Version 12.00
# Visual Studio Version 16
VisualStudioVersion = 16.0.31026.101
MinimumVisualStudioVersion = 10.0.40219.1
Project("{FAE04EC0-301F-11D3-BF4B-00C04F79EFBC}") = "Sec05", "Sec05\Sec05.csproj", "{DC05FD10-1850-4667-853B-85BA4A5D5C59}"
EndProject
Project("{FAE04EC0-301F-11D3-BF4B-00C04F79EFBC}") = "Sec06", "Sec06\Sec06.csproj", "{9306E9D9-6B1F-4EF7-8A40-D1F042A5D0DA}"
EndProject
Project("{FAE04EC0-301F-11D3-BF4B-00C04F79EFBC}") = "Sec07", "Sec07\Sec07.csproj", "{B2923018-7035-44A6-A853-5EC584364073}"
EndProject
Project("{FAE04EC0-301F-11D3-BF4B-00C04F79EFBC}") = "Sec08", "Sec08\Sec08.csproj", "{CD275C0F-5615-40D7-8F50-02E8B34801A7}"
EndProject
Project("{FAE04EC0-301F-11D3-BF4B-00C04F79EFBC}") = "Sec09", "Sec09\Sec09.csproj", "{9E37B66E-5224-4B47-BB05-8C490F29716A}"
EndProject
Project("{FAE04EC0-301F-11D3-BF4B-00C04F79EFBC}") = "Sec12", "Sec12\Sec12.csproj", "{60CB009E-23DC-4350-92C8-4D6BE20AEFCE}"
EndProject
Project("{FAE04EC0-301F-11D3-BF4B-00C04F79EFBC}") = "Sec13", "Sec13\Sec13.csproj", "{A4C663C5-3622-4AFD-AFA1-C56364C2BE1E}"
EndProject
Project("{FAE04EC0-301F-11D3-BF4B-00C04F79EFBC}") = "Sec14", "Sec14\Sec14.csproj", "{A29B622B-3641-49AD-96E9-6D2F3A778BDF}"
EndProject
Project("{FAE04EC0-301F-11D3-BF4B-00C04F79EFBC}") = "Sec15", "Sec15\Sec15.csproj", "{04A1EFB0-F2D7-4A77-A5E7-19D0ADB9555A}"
EndProject
Project("{FAE04EC0-301F-11D3-BF4B-00C04F79EFBC}") = "Sec16", "Sec16\Sec16.csproj", "{92A2D643-DD47-483C-9580-49C4C6A3F8F6}"
EndProject
Project("{FAE04EC0-301F-11D3-BF4B-00C04F79EFBC}") = "Sec17", "Sec17\Sec17.csproj", "{A97EF891-6721-400F-98C7-818F2EF30761}"
EndProject
Project("{FAE04EC0-301F-11D3-BF4B-00C04F79EFBC}") = "Sec18", "Sec18\Sec18.csproj", "{BFE0A034-938B-49AA-A02A-60E6514EBCFB}"
EndProject
Project("{FAE04EC0-301F-11D3-BF4B-00C04F79EFBC}") = "Sec19", "Sec19\Sec19.csproj", "{D00BB65C-17E9-4066-B735-81227CB121EA}"
EndProject
Project("{FAE04EC0-301F-11D3-BF4B-00C04F79EFBC}") = "Sec20", "Sec20\Sec20.csproj", "{79700AC7-27E5-4D2F-87E1-4B02D0BA5EEF}"
EndProject
Project("{FAE04EC0-301F-11D3-BF4B-00C04F79EFBC}") = "Sec21", "Sec21\Sec21.csproj", "{04BA59C8-C855-4F8D-83E9-7484F8B8DE3E}"
EndProject
Project("{FAE04EC0-301F-11D3-BF4B-00C04F79EFBC}") = "Sec22", "Sec22\Sec22.csproj", "{746075FB-9A13-46BC-A2F8-B8681E41A9B6}"
EndProject
Project("{FAE04EC0-301F-11D3-BF4B-00C04F79EFBC}") = "Sec23", "Sec23\Sec23.csproj", "{D5F0619B-DF36-412F-BD78-EB053358D3D5}"
EndProject
Project("{FAE04EC0-301F-11D3-BF4B-00C04F79EFBC}") = "Sec24", "Sec24\Sec24.csproj", "{3241CF5C-2CDD-45E3-BAE0-FF91739F0A06}"
EndProject
Project("{FAE04EC0-301F-11D3-BF4B-00C04F79EFBC}") = "Sec25", "Sec25\Sec25.csproj", "{A0D073FA-19AA-49F2-A73A-7203D4E82CAB}"
EndProject
Project("{FAE04EC0-301F-11D3-BF4B-00C04F79EFBC}") = "Sec26", "Sec26\Sec26.csproj", "{7605F161-8F3F-4B0D-8748-90E33603DF00}"
EndProject
Project("{FAE04EC0-301F-11D3-BF4B-00C04F79EFBC}") = "Sec27", "Sec27\Sec27.csproj", "{678EC8D0-9D00-42A7-A34B-DA8C1823AB91}"
EndProject
Project("{FAE04EC0-301F-11D3-BF4B-00C04F79EFBC}") = "Sec11", "Sec11\Sec11.csproj", "{98816479-CCA0-4A0E-8D85-42CC33799EF6}"
EndProject
Project("{FAE04EC0-301F-11D3-BF4B-00C04F79EFBC}") = "Sec01", "Sec01\Sec01.csproj", "{3823DD2B-644E-4E7E-9518-152E97DC6439}"
EndProject
Project("{FAE04EC0-301F-11D3-BF4B-00C04F79EFBC}") = "Sec02", "Sec02\Sec02.csproj", "{1AAA98A6-2F43-4D5E-9723-EC7C5325B1D3}"
EndProject
Project("{FAE04EC0-301F-11D3-BF4B-00C04F79EFBC}") = "Sec03", "Sec03\Sec03.csproj", "{8A39042B-201D-48E8-8FAB-13719000C235}"
EndProject
Project("{FAE04EC0-301F-11D3-BF4B-00C04F79EFBC}") = "Sec04", "Sec04\Sec04.csproj", "{E090EF79-9F82-479D-8F1A-4271CF51AABA}"
EndProject
Project("{2150E333-8FDC-42A3-9474-1A3956D46DE8}") = "Solution Items", "Solution Items", "{2EB964FC-CA9F-40E3-A5C4-67E534452F6D}"
	ProjectSection(SolutionItems) = preProject
		Practice.txt = Practice.txt
	EndProjectSection
EndProject
Project("{2150E333-8FDC-42A3-9474-1A3956D46DE8}") = "ParallelProgramming", "ParallelProgramming", "{D11A8B27-81BD-421A-9E65-8E7635CD6378}"
EndProject
Project("{FAE04EC0-301F-11D3-BF4B-00C04F79EFBC}") = "ParallelSec01", "ParallelSec01\ParallelSec01.csproj", "{21E8CE63-C83F-4372-B1B2-596153AD1B5D}"
EndProject
Project("{FAE04EC0-301F-11D3-BF4B-00C04F79EFBC}") = "Sec07.AsynchronousProgramming44.UsingAsyncAndAwait", "ParallelSec01\Sec07.AsynchronousProgramming44.UsingAsyncAndAwait\Sec07.AsynchronousProgramming44.UsingAsyncAndAwait.csproj", "{A2A9B324-19E8-469D-B448-70A4A03C74BE}"
EndProject
Global
	GlobalSection(SolutionConfigurationPlatforms) = preSolution
		Debug|Any CPU = Debug|Any CPU
		Debug|x64 = Debug|x64
		Release|Any CPU = Release|Any CPU
		Release|x64 = Release|x64
	EndGlobalSection
	GlobalSection(ProjectConfigurationPlatforms) = postSolution
		{DC05FD10-1850-4667-853B-85BA4A5D5C59}.Debug|Any CPU.ActiveCfg = Debug|Any CPU
		{DC05FD10-1850-4667-853B-85BA4A5D5C59}.Debug|Any CPU.Build.0 = Debug|Any CPU
		{DC05FD10-1850-4667-853B-85BA4A5D5C59}.Debug|x64.ActiveCfg = Debug|x64
		{DC05FD10-1850-4667-853B-85BA4A5D5C59}.Debug|x64.Build.0 = Debug|x64
		{DC05FD10-1850-4667-853B-85BA4A5D5C59}.Release|Any CPU.ActiveCfg = Release|Any CPU
		{DC05FD10-1850-4667-853B-85BA4A5D5C59}.Release|Any CPU.Build.0 = Release|Any CPU
		{DC05FD10-1850-4667-853B-85BA4A5D5C59}.Release|x64.ActiveCfg = Release|x64
		{DC05FD10-1850-4667-853B-85BA4A5D5C59}.Release|x64.Build.0 = Release|x64
		{9306E9D9-6B1F-4EF7-8A40-D1F042A5D0DA}.Debug|Any CPU.ActiveCfg = Debug|Any CPU
		{9306E9D9-6B1F-4EF7-8A40-D1F042A5D0DA}.Debug|Any CPU.Build.0 = Debug|Any CPU
		{9306E9D9-6B1F-4EF7-8A40-D1F042A5D0DA}.Debug|x64.ActiveCfg = Debug|Any CPU
		{9306E9D9-6B1F-4EF7-8A40-D1F042A5D0DA}.Debug|x64.Build.0 = Debug|Any CPU
		{9306E9D9-6B1F-4EF7-8A40-D1F042A5D0DA}.Release|Any CPU.ActiveCfg = Release|Any CPU
		{9306E9D9-6B1F-4EF7-8A40-D1F042A5D0DA}.Release|Any CPU.Build.0 = Release|Any CPU
		{9306E9D9-6B1F-4EF7-8A40-D1F042A5D0DA}.Release|x64.ActiveCfg = Release|Any CPU
		{9306E9D9-6B1F-4EF7-8A40-D1F042A5D0DA}.Release|x64.Build.0 = Release|Any CPU
		{B2923018-7035-44A6-A853-5EC584364073}.Debug|Any CPU.ActiveCfg = Debug|Any CPU
		{B2923018-7035-44A6-A853-5EC584364073}.Debug|Any CPU.Build.0 = Debug|Any CPU
		{B2923018-7035-44A6-A853-5EC584364073}.Debug|x64.ActiveCfg = Debug|Any CPU
		{B2923018-7035-44A6-A853-5EC584364073}.Debug|x64.Build.0 = Debug|Any CPU
		{B2923018-7035-44A6-A853-5EC584364073}.Release|Any CPU.ActiveCfg = Release|Any CPU
		{B2923018-7035-44A6-A853-5EC584364073}.Release|Any CPU.Build.0 = Release|Any CPU
		{B2923018-7035-44A6-A853-5EC584364073}.Release|x64.ActiveCfg = Release|Any CPU
		{B2923018-7035-44A6-A853-5EC584364073}.Release|x64.Build.0 = Release|Any CPU
		{CD275C0F-5615-40D7-8F50-02E8B34801A7}.Debug|Any CPU.ActiveCfg = Debug|Any CPU
		{CD275C0F-5615-40D7-8F50-02E8B34801A7}.Debug|Any CPU.Build.0 = Debug|Any CPU
		{CD275C0F-5615-40D7-8F50-02E8B34801A7}.Debug|x64.ActiveCfg = Debug|Any CPU
		{CD275C0F-5615-40D7-8F50-02E8B34801A7}.Debug|x64.Build.0 = Debug|Any CPU
		{CD275C0F-5615-40D7-8F50-02E8B34801A7}.Release|Any CPU.ActiveCfg = Release|Any CPU
		{CD275C0F-5615-40D7-8F50-02E8B34801A7}.Release|Any CPU.Build.0 = Release|Any CPU
		{CD275C0F-5615-40D7-8F50-02E8B34801A7}.Release|x64.ActiveCfg = Release|Any CPU
		{CD275C0F-5615-40D7-8F50-02E8B34801A7}.Release|x64.Build.0 = Release|Any CPU
		{9E37B66E-5224-4B47-BB05-8C490F29716A}.Debug|Any CPU.ActiveCfg = Debug|Any CPU
		{9E37B66E-5224-4B47-BB05-8C490F29716A}.Debug|Any CPU.Build.0 = Debug|Any CPU
		{9E37B66E-5224-4B47-BB05-8C490F29716A}.Debug|x64.ActiveCfg = Debug|Any CPU
		{9E37B66E-5224-4B47-BB05-8C490F29716A}.Debug|x64.Build.0 = Debug|Any CPU
		{9E37B66E-5224-4B47-BB05-8C490F29716A}.Release|Any CPU.ActiveCfg = Release|Any CPU
		{9E37B66E-5224-4B47-BB05-8C490F29716A}.Release|Any CPU.Build.0 = Release|Any CPU
		{9E37B66E-5224-4B47-BB05-8C490F29716A}.Release|x64.ActiveCfg = Release|Any CPU
		{9E37B66E-5224-4B47-BB05-8C490F29716A}.Release|x64.Build.0 = Release|Any CPU
		{60CB009E-23DC-4350-92C8-4D6BE20AEFCE}.Debug|Any CPU.ActiveCfg = Debug|Any CPU
		{60CB009E-23DC-4350-92C8-4D6BE20AEFCE}.Debug|Any CPU.Build.0 = Debug|Any CPU
		{60CB009E-23DC-4350-92C8-4D6BE20AEFCE}.Debug|x64.ActiveCfg = Debug|Any CPU
		{60CB009E-23DC-4350-92C8-4D6BE20AEFCE}.Debug|x64.Build.0 = Debug|Any CPU
		{60CB009E-23DC-4350-92C8-4D6BE20AEFCE}.Release|Any CPU.ActiveCfg = Release|Any CPU
		{60CB009E-23DC-4350-92C8-4D6BE20AEFCE}.Release|Any CPU.Build.0 = Release|Any CPU
		{60CB009E-23DC-4350-92C8-4D6BE20AEFCE}.Release|x64.ActiveCfg = Release|Any CPU
		{60CB009E-23DC-4350-92C8-4D6BE20AEFCE}.Release|x64.Build.0 = Release|Any CPU
		{A4C663C5-3622-4AFD-AFA1-C56364C2BE1E}.Debug|Any CPU.ActiveCfg = Debug|Any CPU
		{A4C663C5-3622-4AFD-AFA1-C56364C2BE1E}.Debug|Any CPU.Build.0 = Debug|Any CPU
		{A4C663C5-3622-4AFD-AFA1-C56364C2BE1E}.Debug|x64.ActiveCfg = Debug|Any CPU
		{A4C663C5-3622-4AFD-AFA1-C56364C2BE1E}.Debug|x64.Build.0 = Debug|Any CPU
		{A4C663C5-3622-4AFD-AFA1-C56364C2BE1E}.Release|Any CPU.ActiveCfg = Release|Any CPU
		{A4C663C5-3622-4AFD-AFA1-C56364C2BE1E}.Release|Any CPU.Build.0 = Release|Any CPU
		{A4C663C5-3622-4AFD-AFA1-C56364C2BE1E}.Release|x64.ActiveCfg = Release|Any CPU
		{A4C663C5-3622-4AFD-AFA1-C56364C2BE1E}.Release|x64.Build.0 = Release|Any CPU
		{A29B622B-3641-49AD-96E9-6D2F3A778BDF}.Debug|Any CPU.ActiveCfg = Debug|Any CPU
		{A29B622B-3641-49AD-96E9-6D2F3A778BDF}.Debug|Any CPU.Build.0 = Debug|Any CPU
		{A29B622B-3641-49AD-96E9-6D2F3A778BDF}.Debug|x64.ActiveCfg = Debug|Any CPU
		{A29B622B-3641-49AD-96E9-6D2F3A778BDF}.Debug|x64.Build.0 = Debug|Any CPU
		{A29B622B-3641-49AD-96E9-6D2F3A778BDF}.Release|Any CPU.ActiveCfg = Release|Any CPU
		{A29B622B-3641-49AD-96E9-6D2F3A778BDF}.Release|Any CPU.Build.0 = Release|Any CPU
		{A29B622B-3641-49AD-96E9-6D2F3A778BDF}.Release|x64.ActiveCfg = Release|Any CPU
		{A29B622B-3641-49AD-96E9-6D2F3A778BDF}.Release|x64.Build.0 = Release|Any CPU
		{04A1EFB0-F2D7-4A77-A5E7-19D0ADB9555A}.Debug|Any CPU.ActiveCfg = Debug|Any CPU
		{04A1EFB0-F2D7-4A77-A5E7-19D0ADB9555A}.Debug|Any CPU.Build.0 = Debug|Any CPU
		{04A1EFB0-F2D7-4A77-A5E7-19D0ADB9555A}.Debug|x64.ActiveCfg = Debug|Any CPU
		{04A1EFB0-F2D7-4A77-A5E7-19D0ADB9555A}.Debug|x64.Build.0 = Debug|Any CPU
		{04A1EFB0-F2D7-4A77-A5E7-19D0ADB9555A}.Release|Any CPU.ActiveCfg = Release|Any CPU
		{04A1EFB0-F2D7-4A77-A5E7-19D0ADB9555A}.Release|Any CPU.Build.0 = Release|Any CPU
		{04A1EFB0-F2D7-4A77-A5E7-19D0ADB9555A}.Release|x64.ActiveCfg = Release|Any CPU
		{04A1EFB0-F2D7-4A77-A5E7-19D0ADB9555A}.Release|x64.Build.0 = Release|Any CPU
		{92A2D643-DD47-483C-9580-49C4C6A3F8F6}.Debug|Any CPU.ActiveCfg = Debug|Any CPU
		{92A2D643-DD47-483C-9580-49C4C6A3F8F6}.Debug|Any CPU.Build.0 = Debug|Any CPU
		{92A2D643-DD47-483C-9580-49C4C6A3F8F6}.Debug|x64.ActiveCfg = Debug|Any CPU
		{92A2D643-DD47-483C-9580-49C4C6A3F8F6}.Debug|x64.Build.0 = Debug|Any CPU
		{92A2D643-DD47-483C-9580-49C4C6A3F8F6}.Release|Any CPU.ActiveCfg = Release|Any CPU
		{92A2D643-DD47-483C-9580-49C4C6A3F8F6}.Release|Any CPU.Build.0 = Release|Any CPU
		{92A2D643-DD47-483C-9580-49C4C6A3F8F6}.Release|x64.ActiveCfg = Release|Any CPU
		{92A2D643-DD47-483C-9580-49C4C6A3F8F6}.Release|x64.Build.0 = Release|Any CPU
		{A97EF891-6721-400F-98C7-818F2EF30761}.Debug|Any CPU.ActiveCfg = Debug|Any CPU
		{A97EF891-6721-400F-98C7-818F2EF30761}.Debug|Any CPU.Build.0 = Debug|Any CPU
		{A97EF891-6721-400F-98C7-818F2EF30761}.Debug|x64.ActiveCfg = Debug|Any CPU
		{A97EF891-6721-400F-98C7-818F2EF30761}.Debug|x64.Build.0 = Debug|Any CPU
		{A97EF891-6721-400F-98C7-818F2EF30761}.Release|Any CPU.ActiveCfg = Release|Any CPU
		{A97EF891-6721-400F-98C7-818F2EF30761}.Release|Any CPU.Build.0 = Release|Any CPU
		{A97EF891-6721-400F-98C7-818F2EF30761}.Release|x64.ActiveCfg = Release|Any CPU
		{A97EF891-6721-400F-98C7-818F2EF30761}.Release|x64.Build.0 = Release|Any CPU
		{BFE0A034-938B-49AA-A02A-60E6514EBCFB}.Debug|Any CPU.ActiveCfg = Debug|Any CPU
		{BFE0A034-938B-49AA-A02A-60E6514EBCFB}.Debug|Any CPU.Build.0 = Debug|Any CPU
		{BFE0A034-938B-49AA-A02A-60E6514EBCFB}.Debug|x64.ActiveCfg = Debug|Any CPU
		{BFE0A034-938B-49AA-A02A-60E6514EBCFB}.Debug|x64.Build.0 = Debug|Any CPU
		{BFE0A034-938B-49AA-A02A-60E6514EBCFB}.Release|Any CPU.ActiveCfg = Release|Any CPU
		{BFE0A034-938B-49AA-A02A-60E6514EBCFB}.Release|Any CPU.Build.0 = Release|Any CPU
		{BFE0A034-938B-49AA-A02A-60E6514EBCFB}.Release|x64.ActiveCfg = Release|Any CPU
		{BFE0A034-938B-49AA-A02A-60E6514EBCFB}.Release|x64.Build.0 = Release|Any CPU
		{D00BB65C-17E9-4066-B735-81227CB121EA}.Debug|Any CPU.ActiveCfg = Debug|Any CPU
		{D00BB65C-17E9-4066-B735-81227CB121EA}.Debug|Any CPU.Build.0 = Debug|Any CPU
		{D00BB65C-17E9-4066-B735-81227CB121EA}.Debug|x64.ActiveCfg = Debug|Any CPU
		{D00BB65C-17E9-4066-B735-81227CB121EA}.Debug|x64.Build.0 = Debug|Any CPU
		{D00BB65C-17E9-4066-B735-81227CB121EA}.Release|Any CPU.ActiveCfg = Release|Any CPU
		{D00BB65C-17E9-4066-B735-81227CB121EA}.Release|Any CPU.Build.0 = Release|Any CPU
		{D00BB65C-17E9-4066-B735-81227CB121EA}.Release|x64.ActiveCfg = Release|Any CPU
		{D00BB65C-17E9-4066-B735-81227CB121EA}.Release|x64.Build.0 = Release|Any CPU
		{79700AC7-27E5-4D2F-87E1-4B02D0BA5EEF}.Debug|Any CPU.ActiveCfg = Debug|Any CPU
		{79700AC7-27E5-4D2F-87E1-4B02D0BA5EEF}.Debug|Any CPU.Build.0 = Debug|Any CPU
		{79700AC7-27E5-4D2F-87E1-4B02D0BA5EEF}.Debug|x64.ActiveCfg = Debug|Any CPU
		{79700AC7-27E5-4D2F-87E1-4B02D0BA5EEF}.Debug|x64.Build.0 = Debug|Any CPU
		{79700AC7-27E5-4D2F-87E1-4B02D0BA5EEF}.Release|Any CPU.ActiveCfg = Release|Any CPU
		{79700AC7-27E5-4D2F-87E1-4B02D0BA5EEF}.Release|Any CPU.Build.0 = Release|Any CPU
		{79700AC7-27E5-4D2F-87E1-4B02D0BA5EEF}.Release|x64.ActiveCfg = Release|Any CPU
		{79700AC7-27E5-4D2F-87E1-4B02D0BA5EEF}.Release|x64.Build.0 = Release|Any CPU
		{04BA59C8-C855-4F8D-83E9-7484F8B8DE3E}.Debug|Any CPU.ActiveCfg = Debug|Any CPU
		{04BA59C8-C855-4F8D-83E9-7484F8B8DE3E}.Debug|Any CPU.Build.0 = Debug|Any CPU
		{04BA59C8-C855-4F8D-83E9-7484F8B8DE3E}.Debug|x64.ActiveCfg = Debug|Any CPU
		{04BA59C8-C855-4F8D-83E9-7484F8B8DE3E}.Debug|x64.Build.0 = Debug|Any CPU
		{04BA59C8-C855-4F8D-83E9-7484F8B8DE3E}.Release|Any CPU.ActiveCfg = Release|Any CPU
		{04BA59C8-C855-4F8D-83E9-7484F8B8DE3E}.Release|Any CPU.Build.0 = Release|Any CPU
		{04BA59C8-C855-4F8D-83E9-7484F8B8DE3E}.Release|x64.ActiveCfg = Release|Any CPU
		{04BA59C8-C855-4F8D-83E9-7484F8B8DE3E}.Release|x64.Build.0 = Release|Any CPU
		{746075FB-9A13-46BC-A2F8-B8681E41A9B6}.Debug|Any CPU.ActiveCfg = Debug|Any CPU
		{746075FB-9A13-46BC-A2F8-B8681E41A9B6}.Debug|Any CPU.Build.0 = Debug|Any CPU
		{746075FB-9A13-46BC-A2F8-B8681E41A9B6}.Debug|x64.ActiveCfg = Debug|Any CPU
		{746075FB-9A13-46BC-A2F8-B8681E41A9B6}.Debug|x64.Build.0 = Debug|Any CPU
		{746075FB-9A13-46BC-A2F8-B8681E41A9B6}.Release|Any CPU.ActiveCfg = Release|Any CPU
		{746075FB-9A13-46BC-A2F8-B8681E41A9B6}.Release|Any CPU.Build.0 = Release|Any CPU
		{746075FB-9A13-46BC-A2F8-B8681E41A9B6}.Release|x64.ActiveCfg = Release|Any CPU
		{746075FB-9A13-46BC-A2F8-B8681E41A9B6}.Release|x64.Build.0 = Release|Any CPU
		{D5F0619B-DF36-412F-BD78-EB053358D3D5}.Debug|Any CPU.ActiveCfg = Debug|Any CPU
		{D5F0619B-DF36-412F-BD78-EB053358D3D5}.Debug|Any CPU.Build.0 = Debug|Any CPU
		{D5F0619B-DF36-412F-BD78-EB053358D3D5}.Debug|x64.ActiveCfg = Debug|Any CPU
		{D5F0619B-DF36-412F-BD78-EB053358D3D5}.Debug|x64.Build.0 = Debug|Any CPU
		{D5F0619B-DF36-412F-BD78-EB053358D3D5}.Release|Any CPU.ActiveCfg = Release|Any CPU
		{D5F0619B-DF36-412F-BD78-EB053358D3D5}.Release|Any CPU.Build.0 = Release|Any CPU
		{D5F0619B-DF36-412F-BD78-EB053358D3D5}.Release|x64.ActiveCfg = Release|Any CPU
		{D5F0619B-DF36-412F-BD78-EB053358D3D5}.Release|x64.Build.0 = Release|Any CPU
		{3241CF5C-2CDD-45E3-BAE0-FF91739F0A06}.Debug|Any CPU.ActiveCfg = Debug|Any CPU
		{3241CF5C-2CDD-45E3-BAE0-FF91739F0A06}.Debug|Any CPU.Build.0 = Debug|Any CPU
		{3241CF5C-2CDD-45E3-BAE0-FF91739F0A06}.Debug|x64.ActiveCfg = Debug|Any CPU
		{3241CF5C-2CDD-45E3-BAE0-FF91739F0A06}.Debug|x64.Build.0 = Debug|Any CPU
		{3241CF5C-2CDD-45E3-BAE0-FF91739F0A06}.Release|Any CPU.ActiveCfg = Release|Any CPU
		{3241CF5C-2CDD-45E3-BAE0-FF91739F0A06}.Release|Any CPU.Build.0 = Release|Any CPU
		{3241CF5C-2CDD-45E3-BAE0-FF91739F0A06}.Release|x64.ActiveCfg = Release|Any CPU
		{3241CF5C-2CDD-45E3-BAE0-FF91739F0A06}.Release|x64.Build.0 = Release|Any CPU
		{A0D073FA-19AA-49F2-A73A-7203D4E82CAB}.Debug|Any CPU.ActiveCfg = Debug|Any CPU
		{A0D073FA-19AA-49F2-A73A-7203D4E82CAB}.Debug|Any CPU.Build.0 = Debug|Any CPU
		{A0D073FA-19AA-49F2-A73A-7203D4E82CAB}.Debug|x64.ActiveCfg = Debug|Any CPU
		{A0D073FA-19AA-49F2-A73A-7203D4E82CAB}.Debug|x64.Build.0 = Debug|Any CPU
		{A0D073FA-19AA-49F2-A73A-7203D4E82CAB}.Release|Any CPU.ActiveCfg = Release|Any CPU
		{A0D073FA-19AA-49F2-A73A-7203D4E82CAB}.Release|Any CPU.Build.0 = Release|Any CPU
		{A0D073FA-19AA-49F2-A73A-7203D4E82CAB}.Release|x64.ActiveCfg = Release|Any CPU
		{A0D073FA-19AA-49F2-A73A-7203D4E82CAB}.Release|x64.Build.0 = Release|Any CPU
		{7605F161-8F3F-4B0D-8748-90E33603DF00}.Debug|Any CPU.ActiveCfg = Debug|Any CPU
		{7605F161-8F3F-4B0D-8748-90E33603DF00}.Debug|Any CPU.Build.0 = Debug|Any CPU
		{7605F161-8F3F-4B0D-8748-90E33603DF00}.Debug|x64.ActiveCfg = Debug|Any CPU
		{7605F161-8F3F-4B0D-8748-90E33603DF00}.Debug|x64.Build.0 = Debug|Any CPU
		{7605F161-8F3F-4B0D-8748-90E33603DF00}.Release|Any CPU.ActiveCfg = Release|Any CPU
		{7605F161-8F3F-4B0D-8748-90E33603DF00}.Release|Any CPU.Build.0 = Release|Any CPU
		{7605F161-8F3F-4B0D-8748-90E33603DF00}.Release|x64.ActiveCfg = Release|Any CPU
		{7605F161-8F3F-4B0D-8748-90E33603DF00}.Release|x64.Build.0 = Release|Any CPU
		{678EC8D0-9D00-42A7-A34B-DA8C1823AB91}.Debug|Any CPU.ActiveCfg = Debug|Any CPU
		{678EC8D0-9D00-42A7-A34B-DA8C1823AB91}.Debug|Any CPU.Build.0 = Debug|Any CPU
		{678EC8D0-9D00-42A7-A34B-DA8C1823AB91}.Debug|x64.ActiveCfg = Debug|Any CPU
		{678EC8D0-9D00-42A7-A34B-DA8C1823AB91}.Debug|x64.Build.0 = Debug|Any CPU
		{678EC8D0-9D00-42A7-A34B-DA8C1823AB91}.Release|Any CPU.ActiveCfg = Release|Any CPU
		{678EC8D0-9D00-42A7-A34B-DA8C1823AB91}.Release|Any CPU.Build.0 = Release|Any CPU
		{678EC8D0-9D00-42A7-A34B-DA8C1823AB91}.Release|x64.ActiveCfg = Release|Any CPU
		{678EC8D0-9D00-42A7-A34B-DA8C1823AB91}.Release|x64.Build.0 = Release|Any CPU
		{98816479-CCA0-4A0E-8D85-42CC33799EF6}.Debug|Any CPU.ActiveCfg = Debug|Any CPU
		{98816479-CCA0-4A0E-8D85-42CC33799EF6}.Debug|Any CPU.Build.0 = Debug|Any CPU
		{98816479-CCA0-4A0E-8D85-42CC33799EF6}.Debug|x64.ActiveCfg = Debug|Any CPU
		{98816479-CCA0-4A0E-8D85-42CC33799EF6}.Debug|x64.Build.0 = Debug|Any CPU
		{98816479-CCA0-4A0E-8D85-42CC33799EF6}.Release|Any CPU.ActiveCfg = Release|Any CPU
		{98816479-CCA0-4A0E-8D85-42CC33799EF6}.Release|Any CPU.Build.0 = Release|Any CPU
		{98816479-CCA0-4A0E-8D85-42CC33799EF6}.Release|x64.ActiveCfg = Release|Any CPU
		{98816479-CCA0-4A0E-8D85-42CC33799EF6}.Release|x64.Build.0 = Release|Any CPU
		{3823DD2B-644E-4E7E-9518-152E97DC6439}.Debug|Any CPU.ActiveCfg = Debug|Any CPU
		{3823DD2B-644E-4E7E-9518-152E97DC6439}.Debug|Any CPU.Build.0 = Debug|Any CPU
		{3823DD2B-644E-4E7E-9518-152E97DC6439}.Debug|x64.ActiveCfg = Debug|Any CPU
		{3823DD2B-644E-4E7E-9518-152E97DC6439}.Debug|x64.Build.0 = Debug|Any CPU
		{3823DD2B-644E-4E7E-9518-152E97DC6439}.Release|Any CPU.ActiveCfg = Release|Any CPU
		{3823DD2B-644E-4E7E-9518-152E97DC6439}.Release|Any CPU.Build.0 = Release|Any CPU
		{3823DD2B-644E-4E7E-9518-152E97DC6439}.Release|x64.ActiveCfg = Release|Any CPU
		{3823DD2B-644E-4E7E-9518-152E97DC6439}.Release|x64.Build.0 = Release|Any CPU
		{1AAA98A6-2F43-4D5E-9723-EC7C5325B1D3}.Debug|Any CPU.ActiveCfg = Debug|Any CPU
		{1AAA98A6-2F43-4D5E-9723-EC7C5325B1D3}.Debug|Any CPU.Build.0 = Debug|Any CPU
		{1AAA98A6-2F43-4D5E-9723-EC7C5325B1D3}.Debug|x64.ActiveCfg = Debug|Any CPU
		{1AAA98A6-2F43-4D5E-9723-EC7C5325B1D3}.Debug|x64.Build.0 = Debug|Any CPU
		{1AAA98A6-2F43-4D5E-9723-EC7C5325B1D3}.Release|Any CPU.ActiveCfg = Release|Any CPU
		{1AAA98A6-2F43-4D5E-9723-EC7C5325B1D3}.Release|Any CPU.Build.0 = Release|Any CPU
		{1AAA98A6-2F43-4D5E-9723-EC7C5325B1D3}.Release|x64.ActiveCfg = Release|Any CPU
		{1AAA98A6-2F43-4D5E-9723-EC7C5325B1D3}.Release|x64.Build.0 = Release|Any CPU
		{8A39042B-201D-48E8-8FAB-13719000C235}.Debug|Any CPU.ActiveCfg = Debug|Any CPU
		{8A39042B-201D-48E8-8FAB-13719000C235}.Debug|Any CPU.Build.0 = Debug|Any CPU
		{8A39042B-201D-48E8-8FAB-13719000C235}.Debug|x64.ActiveCfg = Debug|Any CPU
		{8A39042B-201D-48E8-8FAB-13719000C235}.Debug|x64.Build.0 = Debug|Any CPU
		{8A39042B-201D-48E8-8FAB-13719000C235}.Release|Any CPU.ActiveCfg = Release|Any CPU
		{8A39042B-201D-48E8-8FAB-13719000C235}.Release|Any CPU.Build.0 = Release|Any CPU
		{8A39042B-201D-48E8-8FAB-13719000C235}.Release|x64.ActiveCfg = Release|Any CPU
		{8A39042B-201D-48E8-8FAB-13719000C235}.Release|x64.Build.0 = Release|Any CPU
		{E090EF79-9F82-479D-8F1A-4271CF51AABA}.Debug|Any CPU.ActiveCfg = Debug|Any CPU
		{E090EF79-9F82-479D-8F1A-4271CF51AABA}.Debug|Any CPU.Build.0 = Debug|Any CPU
		{E090EF79-9F82-479D-8F1A-4271CF51AABA}.Debug|x64.ActiveCfg = Debug|Any CPU
		{E090EF79-9F82-479D-8F1A-4271CF51AABA}.Debug|x64.Build.0 = Debug|Any CPU
		{E090EF79-9F82-479D-8F1A-4271CF51AABA}.Release|Any CPU.ActiveCfg = Release|Any CPU
		{E090EF79-9F82-479D-8F1A-4271CF51AABA}.Release|Any CPU.Build.0 = Release|Any CPU
		{E090EF79-9F82-479D-8F1A-4271CF51AABA}.Release|x64.ActiveCfg = Release|Any CPU
		{E090EF79-9F82-479D-8F1A-4271CF51AABA}.Release|x64.Build.0 = Release|Any CPU
		{21E8CE63-C83F-4372-B1B2-596153AD1B5D}.Debug|Any CPU.ActiveCfg = Debug|Any CPU
		{21E8CE63-C83F-4372-B1B2-596153AD1B5D}.Debug|Any CPU.Build.0 = Debug|Any CPU
		{21E8CE63-C83F-4372-B1B2-596153AD1B5D}.Debug|x64.ActiveCfg = Debug|Any CPU
		{21E8CE63-C83F-4372-B1B2-596153AD1B5D}.Debug|x64.Build.0 = Debug|Any CPU
		{21E8CE63-C83F-4372-B1B2-596153AD1B5D}.Release|Any CPU.ActiveCfg = Release|Any CPU
		{21E8CE63-C83F-4372-B1B2-596153AD1B5D}.Release|Any CPU.Build.0 = Release|Any CPU
		{21E8CE63-C83F-4372-B1B2-596153AD1B5D}.Release|x64.ActiveCfg = Release|Any CPU
		{21E8CE63-C83F-4372-B1B2-596153AD1B5D}.Release|x64.Build.0 = Release|Any CPU
		{A2A9B324-19E8-469D-B448-70A4A03C74BE}.Debug|Any CPU.ActiveCfg = Debug|Any CPU
		{A2A9B324-19E8-469D-B448-70A4A03C74BE}.Debug|Any CPU.Build.0 = Debug|Any CPU
		{A2A9B324-19E8-469D-B448-70A4A03C74BE}.Debug|x64.ActiveCfg = Debug|Any CPU
		{A2A9B324-19E8-469D-B448-70A4A03C74BE}.Debug|x64.Build.0 = Debug|Any CPU
		{A2A9B324-19E8-469D-B448-70A4A03C74BE}.Release|Any CPU.ActiveCfg = Release|Any CPU
		{A2A9B324-19E8-469D-B448-70A4A03C74BE}.Release|Any CPU.Build.0 = Release|Any CPU
		{A2A9B324-19E8-469D-B448-70A4A03C74BE}.Release|x64.ActiveCfg = Release|Any CPU
		{A2A9B324-19E8-469D-B448-70A4A03C74BE}.Release|x64.Build.0 = Release|Any CPU
	EndGlobalSection
	GlobalSection(SolutionProperties) = preSolution
		HideSolutionNode = FALSE
	EndGlobalSection
	GlobalSection(NestedProjects) = preSolution
		{21E8CE63-C83F-4372-B1B2-596153AD1B5D} = {D11A8B27-81BD-421A-9E65-8E7635CD6378}
		{A2A9B324-19E8-469D-B448-70A4A03C74BE} = {D11A8B27-81BD-421A-9E65-8E7635CD6378}
	EndGlobalSection
	GlobalSection(ExtensibilityGlobals) = postSolution
		SolutionGuid = {837C8E1F-64B9-4DEE-B1EA-271E28AA67B6}
	EndGlobalSection
EndGlobal
